// !$*UTF8*$!
{
	archiveVersion = 1;
	classes = {
	};
	objectVersion = 50;
	objects = {

/* Begin PBXBuildFile section */
		363C540625E05F1A003377FA /* AppDelegate.swift in Sources */ = {isa = PBXBuildFile; fileRef = 363C540525E05F1A003377FA /* AppDelegate.swift */; };
		363C540825E05F1A003377FA /* SceneDelegate.swift in Sources */ = {isa = PBXBuildFile; fileRef = 363C540725E05F1A003377FA /* SceneDelegate.swift */; };
		363C540D25E05F1A003377FA /* Main.storyboard in Resources */ = {isa = PBXBuildFile; fileRef = 363C540B25E05F1A003377FA /* Main.storyboard */; };
		363C541025E05F1A003377FA /* ContactCoreDataCloudKit.xcdatamodeld in Sources */ = {isa = PBXBuildFile; fileRef = 363C540E25E05F1A003377FA /* ContactCoreDataCloudKit.xcdatamodeld */; };
		363C541225E05F1F003377FA /* Assets.xcassets in Resources */ = {isa = PBXBuildFile; fileRef = 363C541125E05F1F003377FA /* Assets.xcassets */; };
		363C541525E05F1F003377FA /* LaunchScreen.storyboard in Resources */ = {isa = PBXBuildFile; fileRef = 363C541325E05F1F003377FA /* LaunchScreen.storyboard */; };
		363C542825E06152003377FA /* CloudKit.framework in Frameworks */ = {isa = PBXBuildFile; fileRef = 363C542725E06152003377FA /* CloudKit.framework */; };
		363C542B25E062F8003377FA /* CoreDataStack.swift in Sources */ = {isa = PBXBuildFile; fileRef = 363C542A25E062F8003377FA /* CoreDataStack.swift */; };
		363C543225E06B6E003377FA /* ContactDetailViewController.swift in Sources */ = {isa = PBXBuildFile; fileRef = 363C543125E06B6E003377FA /* ContactDetailViewController.swift */; };
		363C543625E06BA9003377FA /* ContactListTableViewController.swift in Sources */ = {isa = PBXBuildFile; fileRef = 363C543525E06BA9003377FA /* ContactListTableViewController.swift */; };
		363C543A25E070A4003377FA /* ContactController.swift in Sources */ = {isa = PBXBuildFile; fileRef = 363C543925E070A4003377FA /* ContactController.swift */; };
		363C543E25E0737D003377FA /* Contact+Convenience.swift in Sources */ = {isa = PBXBuildFile; fileRef = 363C543D25E0737D003377FA /* Contact+Convenience.swift */; };
/* End PBXBuildFile section */

/* Begin PBXFileReference section */
		363C540225E05F1A003377FA /* ContactCoreDataCloudKit.app */ = {isa = PBXFileReference; explicitFileType = wrapper.application; includeInIndex = 0; path = ContactCoreDataCloudKit.app; sourceTree = BUILT_PRODUCTS_DIR; };
		363C540525E05F1A003377FA /* AppDelegate.swift */ = {isa = PBXFileReference; lastKnownFileType = sourcecode.swift; path = AppDelegate.swift; sourceTree = "<group>"; };
		363C540725E05F1A003377FA /* SceneDelegate.swift */ = {isa = PBXFileReference; lastKnownFileType = sourcecode.swift; path = SceneDelegate.swift; sourceTree = "<group>"; };
		363C540C25E05F1A003377FA /* Base */ = {isa = PBXFileReference; lastKnownFileType = file.storyboard; name = Base; path = Base.lproj/Main.storyboard; sourceTree = "<group>"; };
		363C540F25E05F1A003377FA /* ContactCoreDataCloudKit.xcdatamodel */ = {isa = PBXFileReference; lastKnownFileType = wrapper.xcdatamodel; path = ContactCoreDataCloudKit.xcdatamodel; sourceTree = "<group>"; };
		363C541125E05F1F003377FA /* Assets.xcassets */ = {isa = PBXFileReference; lastKnownFileType = folder.assetcatalog; path = Assets.xcassets; sourceTree = "<group>"; };
		363C541425E05F1F003377FA /* Base */ = {isa = PBXFileReference; lastKnownFileType = file.storyboard; name = Base; path = Base.lproj/LaunchScreen.storyboard; sourceTree = "<group>"; };
		363C541625E05F1F003377FA /* Info.plist */ = {isa = PBXFileReference; lastKnownFileType = text.plist.xml; path = Info.plist; sourceTree = "<group>"; };
		363C542525E0614D003377FA /* ContactCoreDataCloudKit.entitlements */ = {isa = PBXFileReference; lastKnownFileType = text.plist.entitlements; path = ContactCoreDataCloudKit.entitlements; sourceTree = "<group>"; };
		363C542725E06152003377FA /* CloudKit.framework */ = {isa = PBXFileReference; lastKnownFileType = wrapper.framework; name = CloudKit.framework; path = System/Library/Frameworks/CloudKit.framework; sourceTree = SDKROOT; };
		363C542A25E062F8003377FA /* CoreDataStack.swift */ = {isa = PBXFileReference; lastKnownFileType = sourcecode.swift; path = CoreDataStack.swift; sourceTree = "<group>"; };
		363C543125E06B6E003377FA /* ContactDetailViewController.swift */ = {isa = PBXFileReference; lastKnownFileType = sourcecode.swift; path = ContactDetailViewController.swift; sourceTree = "<group>"; };
		363C543525E06BA9003377FA /* ContactListTableViewController.swift */ = {isa = PBXFileReference; lastKnownFileType = sourcecode.swift; path = ContactListTableViewController.swift; sourceTree = "<group>"; };
		363C543925E070A4003377FA /* ContactController.swift */ = {isa = PBXFileReference; lastKnownFileType = sourcecode.swift; path = ContactController.swift; sourceTree = "<group>"; };
		363C543D25E0737D003377FA /* Contact+Convenience.swift */ = {isa = PBXFileReference; lastKnownFileType = sourcecode.swift; path = "Contact+Convenience.swift"; sourceTree = "<group>"; };
/* End PBXFileReference section */

/* Begin PBXFrameworksBuildPhase section */
		363C53FF25E05F1A003377FA /* Frameworks */ = {
			isa = PBXFrameworksBuildPhase;
			buildActionMask = 2147483647;
			files = (
				363C542825E06152003377FA /* CloudKit.framework in Frameworks */,
			);
			runOnlyForDeploymentPostprocessing = 0;
		};
/* End PBXFrameworksBuildPhase section */

/* Begin PBXGroup section */
		363C53F925E05F1A003377FA = {
			isa = PBXGroup;
			children = (
				363C540425E05F1A003377FA /* ContactCoreDataCloudKit */,
				363C540325E05F1A003377FA /* Products */,
				363C542625E06152003377FA /* Frameworks */,
			);
			sourceTree = "<group>";
		};
		363C540325E05F1A003377FA /* Products */ = {
			isa = PBXGroup;
			children = (
				363C540225E05F1A003377FA /* ContactCoreDataCloudKit.app */,
			);
			name = Products;
			sourceTree = "<group>";
		};
		363C540425E05F1A003377FA /* ContactCoreDataCloudKit */ = {
			isa = PBXGroup;
			children = (
				363C542525E0614D003377FA /* ContactCoreDataCloudKit.entitlements */,
				363C542325E06027003377FA /* Models */,
				363C542125E05FEA003377FA /* View */,
				363C542E25E06B0A003377FA /* Controllers */,
				363C541D25E05F80003377FA /* Resources */,
			);
			path = ContactCoreDataCloudKit;
			sourceTree = "<group>";
		};
		363C541D25E05F80003377FA /* Resources */ = {
			isa = PBXGroup;
			children = (
				363C541125E05F1F003377FA /* Assets.xcassets */,
				363C540525E05F1A003377FA /* AppDelegate.swift */,
				363C540725E05F1A003377FA /* SceneDelegate.swift */,
				363C541625E05F1F003377FA /* Info.plist */,
			);
			path = Resources;
			sourceTree = "<group>";
		};
		363C542025E05FD7003377FA /* storyboards */ = {
			isa = PBXGroup;
			children = (
				363C540B25E05F1A003377FA /* Main.storyboard */,
				363C541325E05F1F003377FA /* LaunchScreen.storyboard */,
			);
			path = storyboards;
			sourceTree = "<group>";
		};
		363C542125E05FEA003377FA /* View */ = {
			isa = PBXGroup;
			children = (
				363C542025E05FD7003377FA /* storyboards */,
			);
			path = View;
			sourceTree = "<group>";
		};
		363C542325E06027003377FA /* Models */ = {
			isa = PBXGroup;
			children = (
				363C540E25E05F1A003377FA /* ContactCoreDataCloudKit.xcdatamodeld */,
				363C542A25E062F8003377FA /* CoreDataStack.swift */,
				363C543D25E0737D003377FA /* Contact+Convenience.swift */,
			);
			path = Models;
			sourceTree = "<group>";
		};
		363C542625E06152003377FA /* Frameworks */ = {
			isa = PBXGroup;
			children = (
				363C542725E06152003377FA /* CloudKit.framework */,
			);
			name = Frameworks;
			sourceTree = "<group>";
		};
		363C542E25E06B0A003377FA /* Controllers */ = {
			isa = PBXGroup;
			children = (
				363C543025E06B22003377FA /* ModelControllers */,
				363C542F25E06B19003377FA /* ViewControllers */,
			);
			path = Controllers;
			sourceTree = "<group>";
		};
		363C542F25E06B19003377FA /* ViewControllers */ = {
			isa = PBXGroup;
			children = (
				363C543125E06B6E003377FA /* ContactDetailViewController.swift */,
				363C543525E06BA9003377FA /* ContactListTableViewController.swift */,
			);
			path = ViewControllers;
			sourceTree = "<group>";
		};
		363C543025E06B22003377FA /* ModelControllers */ = {
			isa = PBXGroup;
			children = (
				363C543925E070A4003377FA /* ContactController.swift */,
			);
			path = ModelControllers;
			sourceTree = "<group>";
		};
/* End PBXGroup section */

/* Begin PBXNativeTarget section */
		363C540125E05F1A003377FA /* ContactCoreDataCloudKit */ = {
			isa = PBXNativeTarget;
			buildConfigurationList = 363C541925E05F1F003377FA /* Build configuration list for PBXNativeTarget "ContactCoreDataCloudKit" */;
			buildPhases = (
				363C53FE25E05F1A003377FA /* Sources */,
				363C53FF25E05F1A003377FA /* Frameworks */,
				363C540025E05F1A003377FA /* Resources */,
			);
			buildRules = (
			);
			dependencies = (
			);
			name = ContactCoreDataCloudKit;
			productName = ContactCoreDataCloudKit;
			productReference = 363C540225E05F1A003377FA /* ContactCoreDataCloudKit.app */;
			productType = "com.apple.product-type.application";
		};
/* End PBXNativeTarget section */

/* Begin PBXProject section */
		363C53FA25E05F1A003377FA /* Project object */ = {
			isa = PBXProject;
			attributes = {
				LastSwiftUpdateCheck = 1230;
				LastUpgradeCheck = 1230;
				TargetAttributes = {
					363C540125E05F1A003377FA = {
						CreatedOnToolsVersion = 12.3;
					};
				};
			};
			buildConfigurationList = 363C53FD25E05F1A003377FA /* Build configuration list for PBXProject "ContactCoreDataCloudKit" */;
			compatibilityVersion = "Xcode 9.3";
			developmentRegion = en;
			hasScannedForEncodings = 0;
			knownRegions = (
				en,
				Base,
			);
			mainGroup = 363C53F925E05F1A003377FA;
			productRefGroup = 363C540325E05F1A003377FA /* Products */;
			projectDirPath = "";
			projectRoot = "";
			targets = (
				363C540125E05F1A003377FA /* ContactCoreDataCloudKit */,
			);
		};
/* End PBXProject section */

/* Begin PBXResourcesBuildPhase section */
		363C540025E05F1A003377FA /* Resources */ = {
			isa = PBXResourcesBuildPhase;
			buildActionMask = 2147483647;
			files = (
				363C541525E05F1F003377FA /* LaunchScreen.storyboard in Resources */,
				363C541225E05F1F003377FA /* Assets.xcassets in Resources */,
				363C540D25E05F1A003377FA /* Main.storyboard in Resources */,
			);
			runOnlyForDeploymentPostprocessing = 0;
		};
/* End PBXResourcesBuildPhase section */

/* Begin PBXSourcesBuildPhase section */
		363C53FE25E05F1A003377FA /* Sources */ = {
			isa = PBXSourcesBuildPhase;
			buildActionMask = 2147483647;
			files = (
				363C543E25E0737D003377FA /* Contact+Convenience.swift in Sources */,
				363C543625E06BA9003377FA /* ContactListTableViewController.swift in Sources */,
				363C540625E05F1A003377FA /* AppDelegate.swift in Sources */,
				363C543225E06B6E003377FA /* ContactDetailViewController.swift in Sources */,
				363C543A25E070A4003377FA /* ContactController.swift in Sources */,
				363C541025E05F1A003377FA /* ContactCoreDataCloudKit.xcdatamodeld in Sources */,
				363C540825E05F1A003377FA /* SceneDelegate.swift in Sources */,
				363C542B25E062F8003377FA /* CoreDataStack.swift in Sources */,
			);
			runOnlyForDeploymentPostprocessing = 0;
		};
/* End PBXSourcesBuildPhase section */

/* Begin PBXVariantGroup section */
		363C540B25E05F1A003377FA /* Main.storyboard */ = {
			isa = PBXVariantGroup;
			children = (
				363C540C25E05F1A003377FA /* Base */,
			);
			name = Main.storyboard;
			sourceTree = "<group>";
		};
		363C541325E05F1F003377FA /* LaunchScreen.storyboard */ = {
			isa = PBXVariantGroup;
			children = (
				363C541425E05F1F003377FA /* Base */,
			);
			name = LaunchScreen.storyboard;
			sourceTree = "<group>";
		};
/* End PBXVariantGroup section */

/* Begin XCBuildConfiguration section */
		363C541725E05F1F003377FA /* Debug */ = {
			isa = XCBuildConfiguration;
			buildSettings = {
				ALWAYS_SEARCH_USER_PATHS = NO;
				CLANG_ANALYZER_NONNULL = YES;
				CLANG_ANALYZER_NUMBER_OBJECT_CONVERSION = YES_AGGRESSIVE;
				CLANG_CXX_LANGUAGE_STANDARD = "gnu++14";
				CLANG_CXX_LIBRARY = "libc++";
				CLANG_ENABLE_MODULES = YES;
				CLANG_ENABLE_OBJC_ARC = YES;
				CLANG_ENABLE_OBJC_WEAK = YES;
				CLANG_WARN_BLOCK_CAPTURE_AUTORELEASING = YES;
				CLANG_WARN_BOOL_CONVERSION = YES;
				CLANG_WARN_COMMA = YES;
				CLANG_WARN_CONSTANT_CONVERSION = YES;
				CLANG_WARN_DEPRECATED_OBJC_IMPLEMENTATIONS = YES;
				CLANG_WARN_DIRECT_OBJC_ISA_USAGE = YES_ERROR;
				CLANG_WARN_DOCUMENTATION_COMMENTS = YES;
				CLANG_WARN_EMPTY_BODY = YES;
				CLANG_WARN_ENUM_CONVERSION = YES;
				CLANG_WARN_INFINITE_RECURSION = YES;
				CLANG_WARN_INT_CONVERSION = YES;
				CLANG_WARN_NON_LITERAL_NULL_CONVERSION = YES;
				CLANG_WARN_OBJC_IMPLICIT_RETAIN_SELF = YES;
				CLANG_WARN_OBJC_LITERAL_CONVERSION = YES;
				CLANG_WARN_OBJC_ROOT_CLASS = YES_ERROR;
				CLANG_WARN_QUOTED_INCLUDE_IN_FRAMEWORK_HEADER = YES;
				CLANG_WARN_RANGE_LOOP_ANALYSIS = YES;
				CLANG_WARN_STRICT_PROTOTYPES = YES;
				CLANG_WARN_SUSPICIOUS_MOVE = YES;
				CLANG_WARN_UNGUARDED_AVAILABILITY = YES_AGGRESSIVE;
				CLANG_WARN_UNREACHABLE_CODE = YES;
				CLANG_WARN__DUPLICATE_METHOD_MATCH = YES;
				COPY_PHASE_STRIP = NO;
				DEBUG_INFORMATION_FORMAT = dwarf;
				ENABLE_STRICT_OBJC_MSGSEND = YES;
				ENABLE_TESTABILITY = YES;
				GCC_C_LANGUAGE_STANDARD = gnu11;
				GCC_DYNAMIC_NO_PIC = NO;
				GCC_NO_COMMON_BLOCKS = YES;
				GCC_OPTIMIZATION_LEVEL = 0;
				GCC_PREPROCESSOR_DEFINITIONS = (
					"DEBUG=1",
					"$(inherited)",
				);
				GCC_WARN_64_TO_32_BIT_CONVERSION = YES;
				GCC_WARN_ABOUT_RETURN_TYPE = YES_ERROR;
				GCC_WARN_UNDECLARED_SELECTOR = YES;
				GCC_WARN_UNINITIALIZED_AUTOS = YES_AGGRESSIVE;
				GCC_WARN_UNUSED_FUNCTION = YES;
				GCC_WARN_UNUSED_VARIABLE = YES;
				IPHONEOS_DEPLOYMENT_TARGET = 14.3;
				MTL_ENABLE_DEBUG_INFO = INCLUDE_SOURCE;
				MTL_FAST_MATH = YES;
				ONLY_ACTIVE_ARCH = YES;
				SDKROOT = iphoneos;
				SWIFT_ACTIVE_COMPILATION_CONDITIONS = DEBUG;
				SWIFT_OPTIMIZATION_LEVEL = "-Onone";
			};
			name = Debug;
		};
		363C541825E05F1F003377FA /* Release */ = {
			isa = XCBuildConfiguration;
			buildSettings = {
				ALWAYS_SEARCH_USER_PATHS = NO;
				CLANG_ANALYZER_NONNULL = YES;
				CLANG_ANALYZER_NUMBER_OBJECT_CONVERSION = YES_AGGRESSIVE;
				CLANG_CXX_LANGUAGE_STANDARD = "gnu++14";
				CLANG_CXX_LIBRARY = "libc++";
				CLANG_ENABLE_MODULES = YES;
				CLANG_ENABLE_OBJC_ARC = YES;
				CLANG_ENABLE_OBJC_WEAK = YES;
				CLANG_WARN_BLOCK_CAPTURE_AUTORELEASING = YES;
				CLANG_WARN_BOOL_CONVERSION = YES;
				CLANG_WARN_COMMA = YES;
				CLANG_WARN_CONSTANT_CONVERSION = YES;
				CLANG_WARN_DEPRECATED_OBJC_IMPLEMENTATIONS = YES;
				CLANG_WARN_DIRECT_OBJC_ISA_USAGE = YES_ERROR;
				CLANG_WARN_DOCUMENTATION_COMMENTS = YES;
				CLANG_WARN_EMPTY_BODY = YES;
				CLANG_WARN_ENUM_CONVERSION = YES;
				CLANG_WARN_INFINITE_RECURSION = YES;
				CLANG_WARN_INT_CONVERSION = YES;
				CLANG_WARN_NON_LITERAL_NULL_CONVERSION = YES;
				CLANG_WARN_OBJC_IMPLICIT_RETAIN_SELF = YES;
				CLANG_WARN_OBJC_LITERAL_CONVERSION = YES;
				CLANG_WARN_OBJC_ROOT_CLASS = YES_ERROR;
				CLANG_WARN_QUOTED_INCLUDE_IN_FRAMEWORK_HEADER = YES;
				CLANG_WARN_RANGE_LOOP_ANALYSIS = YES;
				CLANG_WARN_STRICT_PROTOTYPES = YES;
				CLANG_WARN_SUSPICIOUS_MOVE = YES;
				CLANG_WARN_UNGUARDED_AVAILABILITY = YES_AGGRESSIVE;
				CLANG_WARN_UNREACHABLE_CODE = YES;
				CLANG_WARN__DUPLICATE_METHOD_MATCH = YES;
				COPY_PHASE_STRIP = NO;
				DEBUG_INFORMATION_FORMAT = "dwarf-with-dsym";
				ENABLE_NS_ASSERTIONS = NO;
				ENABLE_STRICT_OBJC_MSGSEND = YES;
				GCC_C_LANGUAGE_STANDARD = gnu11;
				GCC_NO_COMMON_BLOCKS = YES;
				GCC_WARN_64_TO_32_BIT_CONVERSION = YES;
				GCC_WARN_ABOUT_RETURN_TYPE = YES_ERROR;
				GCC_WARN_UNDECLARED_SELECTOR = YES;
				GCC_WARN_UNINITIALIZED_AUTOS = YES_AGGRESSIVE;
				GCC_WARN_UNUSED_FUNCTION = YES;
				GCC_WARN_UNUSED_VARIABLE = YES;
				IPHONEOS_DEPLOYMENT_TARGET = 14.3;
				MTL_ENABLE_DEBUG_INFO = NO;
				MTL_FAST_MATH = YES;
				SDKROOT = iphoneos;
				SWIFT_COMPILATION_MODE = wholemodule;
				SWIFT_OPTIMIZATION_LEVEL = "-O";
				VALIDATE_PRODUCT = YES;
			};
			name = Release;
		};
		363C541A25E05F1F003377FA /* Debug */ = {
			isa = XCBuildConfiguration;
			buildSettings = {
				ASSETCATALOG_COMPILER_APPICON_NAME = AppIcon;
				ASSETCATALOG_COMPILER_GLOBAL_ACCENT_COLOR_NAME = AccentColor;
				CODE_SIGN_ENTITLEMENTS = ContactCoreDataCloudKit/ContactCoreDataCloudKit.entitlements;
				CODE_SIGN_STYLE = Automatic;
				DEVELOPMENT_TEAM = L73M8R7276;
				INFOPLIST_FILE = ContactCoreDataCloudKit/Resources/Info.plist;
				LD_RUNPATH_SEARCH_PATHS = (
					"$(inherited)",
					"@executable_path/Frameworks",
				);
				PRODUCT_BUNDLE_IDENTIFIER = com.leemccormick.ContactCoreDataCloudKit;
				PRODUCT_NAME = "$(TARGET_NAME)";
				SWIFT_VERSION = 5.0;
				TARGETED_DEVICE_FAMILY = "1,2";
			};
			name = Debug;
		};
		363C541B25E05F1F003377FA /* Release */ = {
			isa = XCBuildConfiguration;
			buildSettings = {
				ASSETCATALOG_COMPILER_APPICON_NAME = AppIcon;
				ASSETCATALOG_COMPILER_GLOBAL_ACCENT_COLOR_NAME = AccentColor;
				CODE_SIGN_ENTITLEMENTS = ContactCoreDataCloudKit/ContactCoreDataCloudKit.entitlements;
				CODE_SIGN_STYLE = Automatic;
				DEVELOPMENT_TEAM = L73M8R7276;
				INFOPLIST_FILE = ContactCoreDataCloudKit/Resources/Info.plist;
				LD_RUNPATH_SEARCH_PATHS = (
					"$(inherited)",
					"@executable_path/Frameworks",
				);
				PRODUCT_BUNDLE_IDENTIFIER = com.leemccormick.ContactCoreDataCloudKit;
				PRODUCT_NAME = "$(TARGET_NAME)";
				SWIFT_VERSION = 5.0;
				TARGETED_DEVICE_FAMILY = "1,2";
			};
			name = Release;
		};
/* End XCBuildConfiguration section */

/* Begin XCConfigurationList section */
		363C53FD25E05F1A003377FA /* Build configuration list for PBXProject "ContactCoreDataCloudKit" */ = {
			isa = XCConfigurationList;
			buildConfigurations = (
				363C541725E05F1F003377FA /* Debug */,
				363C541825E05F1F003377FA /* Release */,
			);
			defaultConfigurationIsVisible = 0;
			defaultConfigurationName = Release;
		};
		363C541925E05F1F003377FA /* Build configuration list for PBXNativeTarget "ContactCoreDataCloudKit" */ = {
			isa = XCConfigurationList;
			buildConfigurations = (
				363C541A25E05F1F003377FA /* Debug */,
				363C541B25E05F1F003377FA /* Release */,
			);
			defaultConfigurationIsVisible = 0;
			defaultConfigurationName = Release;
		};
/* End XCConfigurationList section */

/* Begin XCVersionGroup section */
		363C540E25E05F1A003377FA /* ContactCoreDataCloudKit.xcdatamodeld */ = {
			isa = XCVersionGroup;
			children = (
				363C540F25E05F1A003377FA /* ContactCoreDataCloudKit.xcdatamodel */,
			);
			currentVersion = 363C540F25E05F1A003377FA /* ContactCoreDataCloudKit.xcdatamodel */;
			path = ContactCoreDataCloudKit.xcdatamodeld;
			sourceTree = "<group>";
			versionGroupType = wrapper.xcdatamodel;
		};
/* End XCVersionGroup section */
	};
	rootObject = 363C53FA25E05F1A003377FA /* Project object */;
}
